
Microsoft Visual Studio Solution File, Format Version 12.00
# Visual Studio Version 16
VisualStudioVersion = 16.0.29509.3
MinimumVisualStudioVersion = 10.0.40219.1
Project("{FAE04EC0-301F-11D3-BF4B-00C04F79EFBC}") = "WindowsFormsApp3", "WindowsFormsApp3.csproj", "{41E11092-7584-4484-9296-6175FF2FA82D}"
EndProject
Global
	GlobalSection(SolutionConfigurationPlatforms) = preSolution
		Debug|Any CPU = Debug|Any CPU
		Release|Any CPU = Release|Any CPU
	EndGlobalSection
	GlobalSection(ProjectConfigurationPlatforms) = postSolution
		{41E11092-7584-4484-9296-6175FF2FA82D}.Debug|Any CPU.ActiveCfg = Debug|Any CPU
		{41E11092-7584-4484-9296-6175FF2FA82D}.Debug|Any CPU.Build.0 = Debug|Any CPU
		{41E11092-7584-4484-9296-6175FF2FA82D}.Release|Any CPU.ActiveCfg = Release|Any CPU
		{41E11092-7584-4484-9296-6175FF2FA82D}.Release|Any CPU.Build.0 = Release|Any CPU
	EndGlobalSection
	GlobalSection(SolutionProperties) = preSolution
		HideSolutionNode = FALSE
	EndGlobalSection
	GlobalSection(ExtensibilityGlobals) = postSolution
		SolutionGuid = {CE26AC3E-7FF0-4BA1-B8A6-C4FA819085A0}
	EndGlobalSection
EndGlobal
